
Microsoft Visual Studio Solution File, Format Version 12.00
# Visual Studio 14
VisualStudioVersion = 14.0.25420.1
MinimumVisualStudioVersion = 10.0.40219.1
Project("{2150E333-8FDC-42A3-9474-1A3956D46DE8}") = ".paket", ".paket", "{CE82B0A4-59E5-4B8E-8705-1D4960C471A7}"
	ProjectSection(SolutionItems) = preProject
		paket.dependencies = paket.dependencies
		paket.lock = paket.lock
	EndProjectSection
EndProject
Project("{F2A71F9B-5D33-465A-A702-920D77279786}") = "Persimmon", "src\Persimmon\Persimmon.fsproj", "{F5EB6EEA-FA93-4F0D-9C23-60A91DB012DB}"
EndProject
Project("{F2A71F9B-5D33-465A-A702-920D77279786}") = "Persimmon.Tests", "tests\Persimmon.Tests\Persimmon.Tests.fsproj", "{2A2B88F1-BDA8-4D1C-8BF1-43A4CD5F266C}"
EndProject
Project("{F2A71F9B-5D33-465A-A702-920D77279786}") = "Persimmon.Console", "src\Persimmon.Console\Persimmon.Console.fsproj", "{FB2AFFD6-76D4-4C18-8750-588ADA5C0E21}"
	ProjectSection(ProjectDependencies) = postProject
		{2A2B88F1-BDA8-4D1C-8BF1-43A4CD5F266C} = {2A2B88F1-BDA8-4D1C-8BF1-43A4CD5F266C}
	EndProjectSection
EndProject
Project("{F2A71F9B-5D33-465A-A702-920D77279786}") = "Persimmon.Sample", "examples\Persimmon.Sample\Persimmon.Sample.fsproj", "{17ECB810-C2D1-4B01-AC10-42447EF6E591}"
EndProject
Project("{F2A71F9B-5D33-465A-A702-920D77279786}") = "Persimmon.Runner", "src\Persimmon.Runner\Persimmon.Runner.fsproj", "{EB676E7D-9D9D-47C2-A6DC-173B536641B1}"
EndProject
Project("{2150E333-8FDC-42A3-9474-1A3956D46DE8}") = "Solution Items", "Solution Items", "{3FFD2939-6D98-47C3-ADD3-D495A1DB77B7}"
	ProjectSection(SolutionItems) = preProject
		.gitignore = .gitignore
		.travis.yml = .travis.yml
		appveyor.yml = appveyor.yml
		build.cmd = build.cmd
		build.fsx = build.fsx
		build.sh = build.sh
		LICENSE = LICENSE
		Persimmon.snk = Persimmon.snk
		README.md = README.md
		RELEASE_NOTES.md = RELEASE_NOTES.md
	EndProjectSection
EndProject
Project("{F2A71F9B-5D33-465A-A702-920D77279786}") = "Persimmon.Portable259", "src\Persimmon.Portable259\Persimmon.Portable259.fsproj", "{99827497-62B4-40BA-866F-AF6AC6DBEB4C}"
EndProject
Project("{F2A71F9B-5D33-465A-A702-920D77279786}") = "Persimmon.NET40", "src\Persimmon.NET40\Persimmon.NET40.fsproj", "{625EFFD3-EC0F-4E67-BFBF-938FA42E85FB}"
EndProject
Project("{F2A71F9B-5D33-465A-A702-920D77279786}") = "Persimmon.Runner.NET40", "src\Persimmon.Runner.NET40\Persimmon.Runner.NET40.fsproj", "{1D3177C0-EA44-47B7-80AE-DFEEA856BB1A}"
EndProject
Project("{F2A71F9B-5D33-465A-A702-920D77279786}") = "Persimmon.NET40.Tests", "tests\Persimmon.NET40.Tests\Persimmon.NET40.Tests.fsproj", "{91C934FC-05E8-4B42-854D-6F2AC3EA770E}"
EndProject
Project("{F2A71F9B-5D33-465A-A702-920D77279786}") = "Persimmon.Runner.Tests", "tests\Persimmon.Runner.Tests\Persimmon.Runner.Tests.fsproj", "{5C25D182-1B29-446B-8536-2E24559312BE}"
EndProject
Global
	GlobalSection(SolutionConfigurationPlatforms) = preSolution
		Debug|Any CPU = Debug|Any CPU
		Release|Any CPU = Release|Any CPU
	EndGlobalSection
	GlobalSection(ProjectConfigurationPlatforms) = postSolution
		{F5EB6EEA-FA93-4F0D-9C23-60A91DB012DB}.Debug|Any CPU.ActiveCfg = Debug|Any CPU
		{F5EB6EEA-FA93-4F0D-9C23-60A91DB012DB}.Debug|Any CPU.Build.0 = Debug|Any CPU
		{F5EB6EEA-FA93-4F0D-9C23-60A91DB012DB}.Release|Any CPU.ActiveCfg = Release|Any CPU
		{F5EB6EEA-FA93-4F0D-9C23-60A91DB012DB}.Release|Any CPU.Build.0 = Release|Any CPU
		{2A2B88F1-BDA8-4D1C-8BF1-43A4CD5F266C}.Debug|Any CPU.ActiveCfg = Debug|Any CPU
		{2A2B88F1-BDA8-4D1C-8BF1-43A4CD5F266C}.Debug|Any CPU.Build.0 = Debug|Any CPU
		{2A2B88F1-BDA8-4D1C-8BF1-43A4CD5F266C}.Release|Any CPU.ActiveCfg = Release|Any CPU
		{2A2B88F1-BDA8-4D1C-8BF1-43A4CD5F266C}.Release|Any CPU.Build.0 = Release|Any CPU
		{FB2AFFD6-76D4-4C18-8750-588ADA5C0E21}.Debug|Any CPU.ActiveCfg = Debug|Any CPU
		{FB2AFFD6-76D4-4C18-8750-588ADA5C0E21}.Debug|Any CPU.Build.0 = Debug|Any CPU
		{FB2AFFD6-76D4-4C18-8750-588ADA5C0E21}.Release|Any CPU.ActiveCfg = Release|Any CPU
		{FB2AFFD6-76D4-4C18-8750-588ADA5C0E21}.Release|Any CPU.Build.0 = Release|Any CPU
		{17ECB810-C2D1-4B01-AC10-42447EF6E591}.Debug|Any CPU.ActiveCfg = Debug|Any CPU
		{17ECB810-C2D1-4B01-AC10-42447EF6E591}.Debug|Any CPU.Build.0 = Debug|Any CPU
		{17ECB810-C2D1-4B01-AC10-42447EF6E591}.Release|Any CPU.ActiveCfg = Release|Any CPU
		{17ECB810-C2D1-4B01-AC10-42447EF6E591}.Release|Any CPU.Build.0 = Release|Any CPU
		{EB676E7D-9D9D-47C2-A6DC-173B536641B1}.Debug|Any CPU.ActiveCfg = Debug|Any CPU
		{EB676E7D-9D9D-47C2-A6DC-173B536641B1}.Debug|Any CPU.Build.0 = Debug|Any CPU
		{EB676E7D-9D9D-47C2-A6DC-173B536641B1}.Release|Any CPU.ActiveCfg = Release|Any CPU
		{EB676E7D-9D9D-47C2-A6DC-173B536641B1}.Release|Any CPU.Build.0 = Release|Any CPU
		{99827497-62B4-40BA-866F-AF6AC6DBEB4C}.Debug|Any CPU.ActiveCfg = Debug|Any CPU
		{99827497-62B4-40BA-866F-AF6AC6DBEB4C}.Debug|Any CPU.Build.0 = Debug|Any CPU
		{99827497-62B4-40BA-866F-AF6AC6DBEB4C}.Release|Any CPU.ActiveCfg = Release|Any CPU
		{99827497-62B4-40BA-866F-AF6AC6DBEB4C}.Release|Any CPU.Build.0 = Release|Any CPU
		{625EFFD3-EC0F-4E67-BFBF-938FA42E85FB}.Debug|Any CPU.ActiveCfg = Debug|Any CPU
		{625EFFD3-EC0F-4E67-BFBF-938FA42E85FB}.Debug|Any CPU.Build.0 = Debug|Any CPU
		{625EFFD3-EC0F-4E67-BFBF-938FA42E85FB}.Release|Any CPU.ActiveCfg = Release|Any CPU
		{625EFFD3-EC0F-4E67-BFBF-938FA42E85FB}.Release|Any CPU.Build.0 = Release|Any CPU
		{1D3177C0-EA44-47B7-80AE-DFEEA856BB1A}.Debug|Any CPU.ActiveCfg = Debug|Any CPU
		{1D3177C0-EA44-47B7-80AE-DFEEA856BB1A}.Debug|Any CPU.Build.0 = Debug|Any CPU
		{1D3177C0-EA44-47B7-80AE-DFEEA856BB1A}.Release|Any CPU.ActiveCfg = Release|Any CPU
		{1D3177C0-EA44-47B7-80AE-DFEEA856BB1A}.Release|Any CPU.Build.0 = Release|Any CPU
		{91C934FC-05E8-4B42-854D-6F2AC3EA770E}.Debug|Any CPU.ActiveCfg = Debug|Any CPU
		{91C934FC-05E8-4B42-854D-6F2AC3EA770E}.Debug|Any CPU.Build.0 = Debug|Any CPU
		{91C934FC-05E8-4B42-854D-6F2AC3EA770E}.Release|Any CPU.ActiveCfg = Release|Any CPU
		{91C934FC-05E8-4B42-854D-6F2AC3EA770E}.Release|Any CPU.Build.0 = Release|Any CPU
		{5C25D182-1B29-446B-8536-2E24559312BE}.Debug|Any CPU.ActiveCfg = Debug|Any CPU
		{5C25D182-1B29-446B-8536-2E24559312BE}.Debug|Any CPU.Build.0 = Debug|Any CPU
		{5C25D182-1B29-446B-8536-2E24559312BE}.Release|Any CPU.ActiveCfg = Release|Any CPU
		{5C25D182-1B29-446B-8536-2E24559312BE}.Release|Any CPU.Build.0 = Release|Any CPU
	EndGlobalSection
	GlobalSection(SolutionProperties) = preSolution
		HideSolutionNode = FALSE
	EndGlobalSection
EndGlobal
