
Microsoft Visual Studio Solution File, Format Version 12.00
# Visual Studio 2013
VisualStudioVersion = 12.0.30723.0
MinimumVisualStudioVersion = 10.0.40219.1
Project("{F2A71F9B-5D33-465A-A702-920D77279786}") = "Persimmon", "Persimmon\Persimmon.fsproj", "{F1D851FD-A776-4204-B287-5C14C3AA198C}"
EndProject
Project("{F2A71F9B-5D33-465A-A702-920D77279786}") = "Persimmon.Tests", "Persimmon.Tests\Persimmon.Tests.fsproj", "{2A2B88F1-BDA8-4D1C-8BF1-43A4CD5F266C}"
EndProject
Project("{2150E333-8FDC-42A3-9474-1A3956D46DE8}") = ".nuget", ".nuget", "{B556740B-5636-467C-AFC3-47994B1D5CBC}"
	ProjectSection(SolutionItems) = preProject
		.nuget\NuGet.Config = .nuget\NuGet.Config
		.nuget\NuGet.exe = .nuget\NuGet.exe
		.nuget\NuGet.targets = .nuget\NuGet.targets
	EndProjectSection
EndProject
Project("{F2A71F9B-5D33-465A-A702-920D77279786}") = "Persimmon.Console", "Persimmon.Console\Persimmon.Console.fsproj", "{FB2AFFD6-76D4-4C18-8750-588ADA5C0E21}"
	ProjectSection(ProjectDependencies) = postProject
		{17ECB810-C2D1-4B01-AC10-42447EF6E591} = {17ECB810-C2D1-4B01-AC10-42447EF6E591}
	EndProjectSection
EndProject
Project("{F2A71F9B-5D33-465A-A702-920D77279786}") = "Persimmon.Sample", "Persimmon.Sample\Persimmon.Sample.fsproj", "{17ECB810-C2D1-4B01-AC10-42447EF6E591}"
EndProject
Project("{F2A71F9B-5D33-465A-A702-920D77279786}") = "Persimmon.Output", "Persimmon.Output\Persimmon.Output.fsproj", "{4E5F5F61-52CB-45E4-B620-76F9E174EBC3}"
EndProject
Global
	GlobalSection(SolutionConfigurationPlatforms) = preSolution
		Debug|Any CPU = Debug|Any CPU
		Release|Any CPU = Release|Any CPU
	EndGlobalSection
	GlobalSection(ProjectConfigurationPlatforms) = postSolution
		{F1D851FD-A776-4204-B287-5C14C3AA198C}.Debug|Any CPU.ActiveCfg = Debug|Any CPU
		{F1D851FD-A776-4204-B287-5C14C3AA198C}.Debug|Any CPU.Build.0 = Debug|Any CPU
		{F1D851FD-A776-4204-B287-5C14C3AA198C}.Release|Any CPU.ActiveCfg = Release|Any CPU
		{F1D851FD-A776-4204-B287-5C14C3AA198C}.Release|Any CPU.Build.0 = Release|Any CPU
		{2A2B88F1-BDA8-4D1C-8BF1-43A4CD5F266C}.Debug|Any CPU.ActiveCfg = Debug|Any CPU
		{2A2B88F1-BDA8-4D1C-8BF1-43A4CD5F266C}.Debug|Any CPU.Build.0 = Debug|Any CPU
		{2A2B88F1-BDA8-4D1C-8BF1-43A4CD5F266C}.Release|Any CPU.ActiveCfg = Release|Any CPU
		{2A2B88F1-BDA8-4D1C-8BF1-43A4CD5F266C}.Release|Any CPU.Build.0 = Release|Any CPU
		{FB2AFFD6-76D4-4C18-8750-588ADA5C0E21}.Debug|Any CPU.ActiveCfg = Debug|Any CPU
		{FB2AFFD6-76D4-4C18-8750-588ADA5C0E21}.Debug|Any CPU.Build.0 = Debug|Any CPU
		{FB2AFFD6-76D4-4C18-8750-588ADA5C0E21}.Release|Any CPU.ActiveCfg = Release|Any CPU
		{FB2AFFD6-76D4-4C18-8750-588ADA5C0E21}.Release|Any CPU.Build.0 = Release|Any CPU
		{17ECB810-C2D1-4B01-AC10-42447EF6E591}.Debug|Any CPU.ActiveCfg = Debug|Any CPU
		{17ECB810-C2D1-4B01-AC10-42447EF6E591}.Debug|Any CPU.Build.0 = Debug|Any CPU
		{17ECB810-C2D1-4B01-AC10-42447EF6E591}.Release|Any CPU.ActiveCfg = Release|Any CPU
		{17ECB810-C2D1-4B01-AC10-42447EF6E591}.Release|Any CPU.Build.0 = Release|Any CPU
		{4E5F5F61-52CB-45E4-B620-76F9E174EBC3}.Debug|Any CPU.ActiveCfg = Debug|Any CPU
		{4E5F5F61-52CB-45E4-B620-76F9E174EBC3}.Debug|Any CPU.Build.0 = Debug|Any CPU
		{4E5F5F61-52CB-45E4-B620-76F9E174EBC3}.Release|Any CPU.ActiveCfg = Release|Any CPU
		{4E5F5F61-52CB-45E4-B620-76F9E174EBC3}.Release|Any CPU.Build.0 = Release|Any CPU
	EndGlobalSection
	GlobalSection(SolutionProperties) = preSolution
		HideSolutionNode = FALSE
	EndGlobalSection
EndGlobal
