
Microsoft Visual Studio Solution File, Format Version 12.00
# Visual Studio Version 17
VisualStudioVersion = 17.0.32126.317
MinimumVisualStudioVersion = 15.0.26124.0
Project("{2150E333-8FDC-42A3-9474-1A3956D46DE8}") = "src", "src", "{54514DDC-00EC-4603-8319-71EBE613F68C}"
EndProject
Project("{6EC3EE1D-3C4E-46DD-8F32-0CC8E7565705}") = "Persimmon", "src\Persimmon\Persimmon.fsproj", "{36F7E769-FA28-4D59-B397-A95766733DC9}"
EndProject
Project("{6EC3EE1D-3C4E-46DD-8F32-0CC8E7565705}") = "Persimmon.Runner", "src\Persimmon.Runner\Persimmon.Runner.fsproj", "{40707977-19E1-4291-A1C1-61E7F1367FE6}"
EndProject
Project("{6EC3EE1D-3C4E-46DD-8F32-0CC8E7565705}") = "Persimmon.Console", "src\Persimmon.Console\Persimmon.Console.fsproj", "{930F3A95-C958-4236-9C10-19000E00074F}"
EndProject
Project("{2150E333-8FDC-42A3-9474-1A3956D46DE8}") = "tests", "tests", "{E00FC7E0-4D29-493A-B7FB-B5FA2DB29A07}"
EndProject
Project("{6EC3EE1D-3C4E-46DD-8F32-0CC8E7565705}") = "Persimmon.FS41.Tests", "tests\Persimmon.FS41.Tests\Persimmon.FS41.Tests.fsproj", "{AECFA771-7873-4DA8-8743-D80C78210EBB}"
EndProject
Project("{6EC3EE1D-3C4E-46DD-8F32-0CC8E7565705}") = "Persimmon.Runner.Tests", "tests\Persimmon.Runner.Tests\Persimmon.Runner.Tests.fsproj", "{4F9FAC37-4C91-4B2A-A0E2-FC3C47ABFF45}"
EndProject
Project("{6EC3EE1D-3C4E-46DD-8F32-0CC8E7565705}") = "Persimmon.Tests", "tests\Persimmon.Tests\Persimmon.Tests.fsproj", "{FDEC9707-DC54-4A3C-8797-893C05CE8105}"
EndProject
Project("{2150E333-8FDC-42A3-9474-1A3956D46DE8}") = "examples", "examples", "{1A0CD21A-7FCD-47E4-A15E-69A77C0C5C33}"
EndProject
Project("{6EC3EE1D-3C4E-46DD-8F32-0CC8E7565705}") = "Persimmon.Sample", "examples\Persimmon.Sample\Persimmon.Sample.fsproj", "{10F09321-4AE1-4A65-A23B-E38A5D1CBD86}"
EndProject
Project("{2150E333-8FDC-42A3-9474-1A3956D46DE8}") = ".paket", ".paket", "{8E719261-AEDC-4583-9396-658A11B0F496}"
	ProjectSection(SolutionItems) = preProject
		paket.dependencies = paket.dependencies
		paket.lock = paket.lock
	EndProjectSection
EndProject
Project("{6EC3EE1D-3C4E-46DD-8F32-0CC8E7565705}") = "Persimmon.Net462.FS5.Tests", "tests\Persimmon.Net462.FS5.Tests\Persimmon.Net462.FS5.Tests.fsproj", "{3DA00589-7C8C-4314-A15F-0053675046BF}"
EndProject
Project("{6EC3EE1D-3C4E-46DD-8F32-0CC8E7565705}") = "Persimmon.Net462.FS6.Tests", "tests\Persimmon.Net462.FS6.Tests\Persimmon.Net462.FS6.Tests.fsproj", "{A25915D9-E6DF-4BEB-AA32-CDBFF5EF5BBB}"
EndProject
Project("{2150E333-8FDC-42A3-9474-1A3956D46DE8}") = ".fake", ".fake", "{4B56F6E7-9028-4994-A990-AF44F886CCC5}"
	ProjectSection(SolutionItems) = preProject
		build.fsx = build.fsx
		build.fsx.lock = build.fsx.lock
		FAKE.PersimmonConsole.fsx = FAKE.PersimmonConsole.fsx
	EndProjectSection
EndProject
Global
	GlobalSection(SolutionConfigurationPlatforms) = preSolution
		Debug|Any CPU = Debug|Any CPU
		Debug|x64 = Debug|x64
		Debug|x86 = Debug|x86
		Release|Any CPU = Release|Any CPU
		Release|x64 = Release|x64
		Release|x86 = Release|x86
	EndGlobalSection
	GlobalSection(ProjectConfigurationPlatforms) = postSolution
		{36F7E769-FA28-4D59-B397-A95766733DC9}.Debug|Any CPU.ActiveCfg = Debug|Any CPU
		{36F7E769-FA28-4D59-B397-A95766733DC9}.Debug|Any CPU.Build.0 = Debug|Any CPU
		{36F7E769-FA28-4D59-B397-A95766733DC9}.Debug|x64.ActiveCfg = Debug|Any CPU
		{36F7E769-FA28-4D59-B397-A95766733DC9}.Debug|x64.Build.0 = Debug|Any CPU
		{36F7E769-FA28-4D59-B397-A95766733DC9}.Debug|x86.ActiveCfg = Debug|Any CPU
		{36F7E769-FA28-4D59-B397-A95766733DC9}.Debug|x86.Build.0 = Debug|Any CPU
		{36F7E769-FA28-4D59-B397-A95766733DC9}.Release|Any CPU.ActiveCfg = Release|Any CPU
		{36F7E769-FA28-4D59-B397-A95766733DC9}.Release|Any CPU.Build.0 = Release|Any CPU
		{36F7E769-FA28-4D59-B397-A95766733DC9}.Release|x64.ActiveCfg = Release|Any CPU
		{36F7E769-FA28-4D59-B397-A95766733DC9}.Release|x64.Build.0 = Release|Any CPU
		{36F7E769-FA28-4D59-B397-A95766733DC9}.Release|x86.ActiveCfg = Release|Any CPU
		{36F7E769-FA28-4D59-B397-A95766733DC9}.Release|x86.Build.0 = Release|Any CPU
		{40707977-19E1-4291-A1C1-61E7F1367FE6}.Debug|Any CPU.ActiveCfg = Debug|Any CPU
		{40707977-19E1-4291-A1C1-61E7F1367FE6}.Debug|Any CPU.Build.0 = Debug|Any CPU
		{40707977-19E1-4291-A1C1-61E7F1367FE6}.Debug|x64.ActiveCfg = Debug|Any CPU
		{40707977-19E1-4291-A1C1-61E7F1367FE6}.Debug|x64.Build.0 = Debug|Any CPU
		{40707977-19E1-4291-A1C1-61E7F1367FE6}.Debug|x86.ActiveCfg = Debug|Any CPU
		{40707977-19E1-4291-A1C1-61E7F1367FE6}.Debug|x86.Build.0 = Debug|Any CPU
		{40707977-19E1-4291-A1C1-61E7F1367FE6}.Release|Any CPU.ActiveCfg = Release|Any CPU
		{40707977-19E1-4291-A1C1-61E7F1367FE6}.Release|Any CPU.Build.0 = Release|Any CPU
		{40707977-19E1-4291-A1C1-61E7F1367FE6}.Release|x64.ActiveCfg = Release|Any CPU
		{40707977-19E1-4291-A1C1-61E7F1367FE6}.Release|x64.Build.0 = Release|Any CPU
		{40707977-19E1-4291-A1C1-61E7F1367FE6}.Release|x86.ActiveCfg = Release|Any CPU
		{40707977-19E1-4291-A1C1-61E7F1367FE6}.Release|x86.Build.0 = Release|Any CPU
		{930F3A95-C958-4236-9C10-19000E00074F}.Debug|Any CPU.ActiveCfg = Debug|Any CPU
		{930F3A95-C958-4236-9C10-19000E00074F}.Debug|Any CPU.Build.0 = Debug|Any CPU
		{930F3A95-C958-4236-9C10-19000E00074F}.Debug|x64.ActiveCfg = Debug|Any CPU
		{930F3A95-C958-4236-9C10-19000E00074F}.Debug|x64.Build.0 = Debug|Any CPU
		{930F3A95-C958-4236-9C10-19000E00074F}.Debug|x86.ActiveCfg = Debug|Any CPU
		{930F3A95-C958-4236-9C10-19000E00074F}.Debug|x86.Build.0 = Debug|Any CPU
		{930F3A95-C958-4236-9C10-19000E00074F}.Release|Any CPU.ActiveCfg = Release|Any CPU
		{930F3A95-C958-4236-9C10-19000E00074F}.Release|Any CPU.Build.0 = Release|Any CPU
		{930F3A95-C958-4236-9C10-19000E00074F}.Release|x64.ActiveCfg = Release|Any CPU
		{930F3A95-C958-4236-9C10-19000E00074F}.Release|x64.Build.0 = Release|Any CPU
		{930F3A95-C958-4236-9C10-19000E00074F}.Release|x86.ActiveCfg = Release|Any CPU
		{930F3A95-C958-4236-9C10-19000E00074F}.Release|x86.Build.0 = Release|Any CPU
		{AECFA771-7873-4DA8-8743-D80C78210EBB}.Debug|Any CPU.ActiveCfg = Debug|Any CPU
		{AECFA771-7873-4DA8-8743-D80C78210EBB}.Debug|Any CPU.Build.0 = Debug|Any CPU
		{AECFA771-7873-4DA8-8743-D80C78210EBB}.Debug|x64.ActiveCfg = Debug|Any CPU
		{AECFA771-7873-4DA8-8743-D80C78210EBB}.Debug|x64.Build.0 = Debug|Any CPU
		{AECFA771-7873-4DA8-8743-D80C78210EBB}.Debug|x86.ActiveCfg = Debug|Any CPU
		{AECFA771-7873-4DA8-8743-D80C78210EBB}.Debug|x86.Build.0 = Debug|Any CPU
		{AECFA771-7873-4DA8-8743-D80C78210EBB}.Release|Any CPU.ActiveCfg = Release|Any CPU
		{AECFA771-7873-4DA8-8743-D80C78210EBB}.Release|Any CPU.Build.0 = Release|Any CPU
		{AECFA771-7873-4DA8-8743-D80C78210EBB}.Release|x64.ActiveCfg = Release|Any CPU
		{AECFA771-7873-4DA8-8743-D80C78210EBB}.Release|x64.Build.0 = Release|Any CPU
		{AECFA771-7873-4DA8-8743-D80C78210EBB}.Release|x86.ActiveCfg = Release|Any CPU
		{AECFA771-7873-4DA8-8743-D80C78210EBB}.Release|x86.Build.0 = Release|Any CPU
		{4F9FAC37-4C91-4B2A-A0E2-FC3C47ABFF45}.Debug|Any CPU.ActiveCfg = Debug|Any CPU
		{4F9FAC37-4C91-4B2A-A0E2-FC3C47ABFF45}.Debug|Any CPU.Build.0 = Debug|Any CPU
		{4F9FAC37-4C91-4B2A-A0E2-FC3C47ABFF45}.Debug|x64.ActiveCfg = Debug|Any CPU
		{4F9FAC37-4C91-4B2A-A0E2-FC3C47ABFF45}.Debug|x64.Build.0 = Debug|Any CPU
		{4F9FAC37-4C91-4B2A-A0E2-FC3C47ABFF45}.Debug|x86.ActiveCfg = Debug|Any CPU
		{4F9FAC37-4C91-4B2A-A0E2-FC3C47ABFF45}.Debug|x86.Build.0 = Debug|Any CPU
		{4F9FAC37-4C91-4B2A-A0E2-FC3C47ABFF45}.Release|Any CPU.ActiveCfg = Release|Any CPU
		{4F9FAC37-4C91-4B2A-A0E2-FC3C47ABFF45}.Release|Any CPU.Build.0 = Release|Any CPU
		{4F9FAC37-4C91-4B2A-A0E2-FC3C47ABFF45}.Release|x64.ActiveCfg = Release|Any CPU
		{4F9FAC37-4C91-4B2A-A0E2-FC3C47ABFF45}.Release|x64.Build.0 = Release|Any CPU
		{4F9FAC37-4C91-4B2A-A0E2-FC3C47ABFF45}.Release|x86.ActiveCfg = Release|Any CPU
		{4F9FAC37-4C91-4B2A-A0E2-FC3C47ABFF45}.Release|x86.Build.0 = Release|Any CPU
		{FDEC9707-DC54-4A3C-8797-893C05CE8105}.Debug|Any CPU.ActiveCfg = Debug|Any CPU
		{FDEC9707-DC54-4A3C-8797-893C05CE8105}.Debug|Any CPU.Build.0 = Debug|Any CPU
		{FDEC9707-DC54-4A3C-8797-893C05CE8105}.Debug|x64.ActiveCfg = Debug|Any CPU
		{FDEC9707-DC54-4A3C-8797-893C05CE8105}.Debug|x64.Build.0 = Debug|Any CPU
		{FDEC9707-DC54-4A3C-8797-893C05CE8105}.Debug|x86.ActiveCfg = Debug|Any CPU
		{FDEC9707-DC54-4A3C-8797-893C05CE8105}.Debug|x86.Build.0 = Debug|Any CPU
		{FDEC9707-DC54-4A3C-8797-893C05CE8105}.Release|Any CPU.ActiveCfg = Release|Any CPU
		{FDEC9707-DC54-4A3C-8797-893C05CE8105}.Release|Any CPU.Build.0 = Release|Any CPU
		{FDEC9707-DC54-4A3C-8797-893C05CE8105}.Release|x64.ActiveCfg = Release|Any CPU
		{FDEC9707-DC54-4A3C-8797-893C05CE8105}.Release|x64.Build.0 = Release|Any CPU
		{FDEC9707-DC54-4A3C-8797-893C05CE8105}.Release|x86.ActiveCfg = Release|Any CPU
		{FDEC9707-DC54-4A3C-8797-893C05CE8105}.Release|x86.Build.0 = Release|Any CPU
		{10F09321-4AE1-4A65-A23B-E38A5D1CBD86}.Debug|Any CPU.ActiveCfg = Debug|Any CPU
		{10F09321-4AE1-4A65-A23B-E38A5D1CBD86}.Debug|Any CPU.Build.0 = Debug|Any CPU
		{10F09321-4AE1-4A65-A23B-E38A5D1CBD86}.Debug|x64.ActiveCfg = Debug|Any CPU
		{10F09321-4AE1-4A65-A23B-E38A5D1CBD86}.Debug|x64.Build.0 = Debug|Any CPU
		{10F09321-4AE1-4A65-A23B-E38A5D1CBD86}.Debug|x86.ActiveCfg = Debug|Any CPU
		{10F09321-4AE1-4A65-A23B-E38A5D1CBD86}.Debug|x86.Build.0 = Debug|Any CPU
		{10F09321-4AE1-4A65-A23B-E38A5D1CBD86}.Release|Any CPU.ActiveCfg = Release|Any CPU
		{10F09321-4AE1-4A65-A23B-E38A5D1CBD86}.Release|Any CPU.Build.0 = Release|Any CPU
		{10F09321-4AE1-4A65-A23B-E38A5D1CBD86}.Release|x64.ActiveCfg = Release|Any CPU
		{10F09321-4AE1-4A65-A23B-E38A5D1CBD86}.Release|x64.Build.0 = Release|Any CPU
		{10F09321-4AE1-4A65-A23B-E38A5D1CBD86}.Release|x86.ActiveCfg = Release|Any CPU
		{10F09321-4AE1-4A65-A23B-E38A5D1CBD86}.Release|x86.Build.0 = Release|Any CPU
		{3DA00589-7C8C-4314-A15F-0053675046BF}.Debug|Any CPU.ActiveCfg = Debug|Any CPU
		{3DA00589-7C8C-4314-A15F-0053675046BF}.Debug|Any CPU.Build.0 = Debug|Any CPU
		{3DA00589-7C8C-4314-A15F-0053675046BF}.Debug|x64.ActiveCfg = Debug|Any CPU
		{3DA00589-7C8C-4314-A15F-0053675046BF}.Debug|x64.Build.0 = Debug|Any CPU
		{3DA00589-7C8C-4314-A15F-0053675046BF}.Debug|x86.ActiveCfg = Debug|Any CPU
		{3DA00589-7C8C-4314-A15F-0053675046BF}.Debug|x86.Build.0 = Debug|Any CPU
		{3DA00589-7C8C-4314-A15F-0053675046BF}.Release|Any CPU.ActiveCfg = Release|Any CPU
		{3DA00589-7C8C-4314-A15F-0053675046BF}.Release|Any CPU.Build.0 = Release|Any CPU
		{3DA00589-7C8C-4314-A15F-0053675046BF}.Release|x64.ActiveCfg = Release|Any CPU
		{3DA00589-7C8C-4314-A15F-0053675046BF}.Release|x64.Build.0 = Release|Any CPU
		{3DA00589-7C8C-4314-A15F-0053675046BF}.Release|x86.ActiveCfg = Release|Any CPU
		{3DA00589-7C8C-4314-A15F-0053675046BF}.Release|x86.Build.0 = Release|Any CPU
		{A25915D9-E6DF-4BEB-AA32-CDBFF5EF5BBB}.Debug|Any CPU.ActiveCfg = Debug|Any CPU
		{A25915D9-E6DF-4BEB-AA32-CDBFF5EF5BBB}.Debug|Any CPU.Build.0 = Debug|Any CPU
		{A25915D9-E6DF-4BEB-AA32-CDBFF5EF5BBB}.Debug|x64.ActiveCfg = Debug|Any CPU
		{A25915D9-E6DF-4BEB-AA32-CDBFF5EF5BBB}.Debug|x64.Build.0 = Debug|Any CPU
		{A25915D9-E6DF-4BEB-AA32-CDBFF5EF5BBB}.Debug|x86.ActiveCfg = Debug|Any CPU
		{A25915D9-E6DF-4BEB-AA32-CDBFF5EF5BBB}.Debug|x86.Build.0 = Debug|Any CPU
		{A25915D9-E6DF-4BEB-AA32-CDBFF5EF5BBB}.Release|Any CPU.ActiveCfg = Release|Any CPU
		{A25915D9-E6DF-4BEB-AA32-CDBFF5EF5BBB}.Release|Any CPU.Build.0 = Release|Any CPU
		{A25915D9-E6DF-4BEB-AA32-CDBFF5EF5BBB}.Release|x64.ActiveCfg = Release|Any CPU
		{A25915D9-E6DF-4BEB-AA32-CDBFF5EF5BBB}.Release|x64.Build.0 = Release|Any CPU
		{A25915D9-E6DF-4BEB-AA32-CDBFF5EF5BBB}.Release|x86.ActiveCfg = Release|Any CPU
		{A25915D9-E6DF-4BEB-AA32-CDBFF5EF5BBB}.Release|x86.Build.0 = Release|Any CPU
	EndGlobalSection
	GlobalSection(SolutionProperties) = preSolution
		HideSolutionNode = FALSE
	EndGlobalSection
	GlobalSection(NestedProjects) = preSolution
		{36F7E769-FA28-4D59-B397-A95766733DC9} = {54514DDC-00EC-4603-8319-71EBE613F68C}
		{40707977-19E1-4291-A1C1-61E7F1367FE6} = {54514DDC-00EC-4603-8319-71EBE613F68C}
		{930F3A95-C958-4236-9C10-19000E00074F} = {54514DDC-00EC-4603-8319-71EBE613F68C}
		{AECFA771-7873-4DA8-8743-D80C78210EBB} = {E00FC7E0-4D29-493A-B7FB-B5FA2DB29A07}
		{4F9FAC37-4C91-4B2A-A0E2-FC3C47ABFF45} = {E00FC7E0-4D29-493A-B7FB-B5FA2DB29A07}
		{FDEC9707-DC54-4A3C-8797-893C05CE8105} = {E00FC7E0-4D29-493A-B7FB-B5FA2DB29A07}
		{10F09321-4AE1-4A65-A23B-E38A5D1CBD86} = {1A0CD21A-7FCD-47E4-A15E-69A77C0C5C33}
		{3DA00589-7C8C-4314-A15F-0053675046BF} = {E00FC7E0-4D29-493A-B7FB-B5FA2DB29A07}
		{A25915D9-E6DF-4BEB-AA32-CDBFF5EF5BBB} = {E00FC7E0-4D29-493A-B7FB-B5FA2DB29A07}
	EndGlobalSection
	GlobalSection(ExtensibilityGlobals) = postSolution
		SolutionGuid = {648F7492-9078-4CA8-B79C-FC8DDACA5904}
	EndGlobalSection
EndGlobal
